// !$*UTF8*$!
{
	archiveVersion = 1;
	classes = {
	};
	objectVersion = 50;
	objects = {

/* Begin PBXBuildFile section */
		B464DC7325BF4CC80020A4CE /* AppDelegate.swift in Sources */ = {isa = PBXBuildFile; fileRef = B464DC7225BF4CC80020A4CE /* AppDelegate.swift */; };
		B464DC7725BF4CC80020A4CE /* ViewController.swift in Sources */ = {isa = PBXBuildFile; fileRef = B464DC7625BF4CC80020A4CE /* ViewController.swift */; };
		B464DC7A25BF4CC80020A4CE /* Main.storyboard in Resources */ = {isa = PBXBuildFile; fileRef = B464DC7825BF4CC80020A4CE /* Main.storyboard */; };
		B464DC7C25BF4CC80020A4CE /* Assets.xcassets in Resources */ = {isa = PBXBuildFile; fileRef = B464DC7B25BF4CC80020A4CE /* Assets.xcassets */; };
		B464DC7F25BF4CC80020A4CE /* LaunchScreen.storyboard in Resources */ = {isa = PBXBuildFile; fileRef = B464DC7D25BF4CC80020A4CE /* LaunchScreen.storyboard */; };
		B4A6FDA725CDE59D00E8AAB7 /* AllGroupsController.swift in Sources */ = {isa = PBXBuildFile; fileRef = B4A6FDA625CDE59D00E8AAB7 /* AllGroupsController.swift */; };
		B4A6FDB525CDE68900E8AAB7 /* MyGroupsController.swift in Sources */ = {isa = PBXBuildFile; fileRef = B4A6FDB425CDE68900E8AAB7 /* MyGroupsController.swift */; };
		B4A6FDB825CDE6C800E8AAB7 /* FriendController.swift in Sources */ = {isa = PBXBuildFile; fileRef = B4A6FDB725CDE6C800E8AAB7 /* FriendController.swift */; };
		B4A6FDBC25CDE6EA00E8AAB7 /* FriendCell.swift in Sources */ = {isa = PBXBuildFile; fileRef = B4A6FDBA25CDE6EA00E8AAB7 /* FriendCell.swift */; };
		B4A6FDBD25CDE6EA00E8AAB7 /* FriendCell.xib in Resources */ = {isa = PBXBuildFile; fileRef = B4A6FDBB25CDE6EA00E8AAB7 /* FriendCell.xib */; };
		B4A6FDC025CDE76D00E8AAB7 /* FriendsListController.swift in Sources */ = {isa = PBXBuildFile; fileRef = B4A6FDBF25CDE76D00E8AAB7 /* FriendsListController.swift */; };
		B4A6FDC425CDE79400E8AAB7 /* FriendsListCell.swift in Sources */ = {isa = PBXBuildFile; fileRef = B4A6FDC225CDE79400E8AAB7 /* FriendsListCell.swift */; };
		B4A6FDC525CDE79400E8AAB7 /* FriendsListCell.xib in Resources */ = {isa = PBXBuildFile; fileRef = B4A6FDC325CDE79400E8AAB7 /* FriendsListCell.xib */; };
		B4D2803425D2F32100D8AA91 /* AvatarView.swift in Sources */ = {isa = PBXBuildFile; fileRef = B4D2803325D2F32100D8AA91 /* AvatarView.swift */; };
		B4FB272A25D1A7B300C4D83B /* User.swift in Sources */ = {isa = PBXBuildFile; fileRef = B4FB272925D1A7B300C4D83B /* User.swift */; };
		B4FB272D25D1A7C700C4D83B /* Group.swift in Sources */ = {isa = PBXBuildFile; fileRef = B4FB272C25D1A7C600C4D83B /* Group.swift */; };
		B4FB273625D1B15F00C4D83B /* GroupTableViewCell.swift in Sources */ = {isa = PBXBuildFile; fileRef = B4FB273425D1B15F00C4D83B /* GroupTableViewCell.swift */; };
		B4FB273725D1B15F00C4D83B /* GroupTableViewCell.xib in Resources */ = {isa = PBXBuildFile; fileRef = B4FB273525D1B15F00C4D83B /* GroupTableViewCell.xib */; };
/* End PBXBuildFile section */

/* Begin PBXFileReference section */
		B464DC6F25BF4CC80020A4CE /* SwiftUIBase.app */ = {isa = PBXFileReference; explicitFileType = wrapper.application; includeInIndex = 0; path = SwiftUIBase.app; sourceTree = BUILT_PRODUCTS_DIR; };
		B464DC7225BF4CC80020A4CE /* AppDelegate.swift */ = {isa = PBXFileReference; lastKnownFileType = sourcecode.swift; path = AppDelegate.swift; sourceTree = "<group>"; };
		B464DC7625BF4CC80020A4CE /* ViewController.swift */ = {isa = PBXFileReference; lastKnownFileType = sourcecode.swift; path = ViewController.swift; sourceTree = "<group>"; };
		B464DC7925BF4CC80020A4CE /* Base */ = {isa = PBXFileReference; lastKnownFileType = file.storyboard; name = Base; path = Base.lproj/Main.storyboard; sourceTree = "<group>"; };
		B464DC7B25BF4CC80020A4CE /* Assets.xcassets */ = {isa = PBXFileReference; lastKnownFileType = folder.assetcatalog; path = Assets.xcassets; sourceTree = "<group>"; };
		B464DC7E25BF4CC80020A4CE /* Base */ = {isa = PBXFileReference; lastKnownFileType = file.storyboard; name = Base; path = Base.lproj/LaunchScreen.storyboard; sourceTree = "<group>"; };
		B464DC8025BF4CC80020A4CE /* Info.plist */ = {isa = PBXFileReference; lastKnownFileType = text.plist.xml; path = Info.plist; sourceTree = "<group>"; };
		B4A6FDA625CDE59D00E8AAB7 /* AllGroupsController.swift */ = {isa = PBXFileReference; lastKnownFileType = sourcecode.swift; path = AllGroupsController.swift; sourceTree = "<group>"; };
		B4A6FDB425CDE68900E8AAB7 /* MyGroupsController.swift */ = {isa = PBXFileReference; lastKnownFileType = sourcecode.swift; path = MyGroupsController.swift; sourceTree = "<group>"; };
		B4A6FDB725CDE6C800E8AAB7 /* FriendController.swift */ = {isa = PBXFileReference; lastKnownFileType = sourcecode.swift; path = FriendController.swift; sourceTree = "<group>"; };
		B4A6FDBA25CDE6EA00E8AAB7 /* FriendCell.swift */ = {isa = PBXFileReference; lastKnownFileType = sourcecode.swift; path = FriendCell.swift; sourceTree = "<group>"; };
		B4A6FDBB25CDE6EA00E8AAB7 /* FriendCell.xib */ = {isa = PBXFileReference; lastKnownFileType = file.xib; path = FriendCell.xib; sourceTree = "<group>"; };
		B4A6FDBF25CDE76D00E8AAB7 /* FriendsListController.swift */ = {isa = PBXFileReference; lastKnownFileType = sourcecode.swift; path = FriendsListController.swift; sourceTree = "<group>"; };
		B4A6FDC225CDE79400E8AAB7 /* FriendsListCell.swift */ = {isa = PBXFileReference; lastKnownFileType = sourcecode.swift; path = FriendsListCell.swift; sourceTree = "<group>"; };
		B4A6FDC325CDE79400E8AAB7 /* FriendsListCell.xib */ = {isa = PBXFileReference; lastKnownFileType = file.xib; path = FriendsListCell.xib; sourceTree = "<group>"; };
		B4D2803325D2F32100D8AA91 /* AvatarView.swift */ = {isa = PBXFileReference; lastKnownFileType = sourcecode.swift; path = AvatarView.swift; sourceTree = "<group>"; };
		B4FB272925D1A7B300C4D83B /* User.swift */ = {isa = PBXFileReference; lastKnownFileType = sourcecode.swift; path = User.swift; sourceTree = "<group>"; };
		B4FB272C25D1A7C600C4D83B /* Group.swift */ = {isa = PBXFileReference; lastKnownFileType = sourcecode.swift; path = Group.swift; sourceTree = "<group>"; };
		B4FB273425D1B15F00C4D83B /* GroupTableViewCell.swift */ = {isa = PBXFileReference; lastKnownFileType = sourcecode.swift; path = GroupTableViewCell.swift; sourceTree = "<group>"; };
		B4FB273525D1B15F00C4D83B /* GroupTableViewCell.xib */ = {isa = PBXFileReference; lastKnownFileType = file.xib; path = GroupTableViewCell.xib; sourceTree = "<group>"; };
/* End PBXFileReference section */

/* Begin PBXFrameworksBuildPhase section */
		B464DC6C25BF4CC80020A4CE /* Frameworks */ = {
			isa = PBXFrameworksBuildPhase;
			buildActionMask = 2147483647;
			files = (
			);
			runOnlyForDeploymentPostprocessing = 0;
		};
/* End PBXFrameworksBuildPhase section */

/* Begin PBXGroup section */
		B464DC6625BF4CC80020A4CE = {
			isa = PBXGroup;
			children = (
				B464DC7125BF4CC80020A4CE /* SwiftUIBase */,
				B464DC7025BF4CC80020A4CE /* Products */,
			);
			sourceTree = "<group>";
		};
		B464DC7025BF4CC80020A4CE /* Products */ = {
			isa = PBXGroup;
			children = (
				B464DC6F25BF4CC80020A4CE /* SwiftUIBase.app */,
			);
			name = Products;
			sourceTree = "<group>";
		};
		B464DC7125BF4CC80020A4CE /* SwiftUIBase */ = {
			isa = PBXGroup;
			children = (
				B4D2803225D2F2BF00D8AA91 /* MyView */,
				B4FB272F25D1AFD000C4D83B /* GroupCell */,
				B4FB272825D1A79600C4D83B /* Model */,
				B4A6FDA525CDE11400E8AAB7 /* AllGroups */,
				B4A6FDA425CDE0FF00E8AAB7 /* MyGroups */,
				B4A6FDA325CDE0A200E8AAB7 /* Friend */,
				B4A6FDA225CDE05600E8AAB7 /* FriendsList */,
				B464DC7225BF4CC80020A4CE /* AppDelegate.swift */,
				B464DC7625BF4CC80020A4CE /* ViewController.swift */,
				B464DC7825BF4CC80020A4CE /* Main.storyboard */,
				B464DC7B25BF4CC80020A4CE /* Assets.xcassets */,
				B464DC7D25BF4CC80020A4CE /* LaunchScreen.storyboard */,
				B464DC8025BF4CC80020A4CE /* Info.plist */,
			);
			path = SwiftUIBase;
			sourceTree = "<group>";
		};
		B4A6FDA225CDE05600E8AAB7 /* FriendsList */ = {
			isa = PBXGroup;
			children = (
				B4A6FDBF25CDE76D00E8AAB7 /* FriendsListController.swift */,
				B4A6FDC225CDE79400E8AAB7 /* FriendsListCell.swift */,
				B4A6FDC325CDE79400E8AAB7 /* FriendsListCell.xib */,
			);
			path = FriendsList;
			sourceTree = "<group>";
		};
		B4A6FDA325CDE0A200E8AAB7 /* Friend */ = {
			isa = PBXGroup;
			children = (
				B4A6FDB725CDE6C800E8AAB7 /* FriendController.swift */,
				B4A6FDBA25CDE6EA00E8AAB7 /* FriendCell.swift */,
				B4A6FDBB25CDE6EA00E8AAB7 /* FriendCell.xib */,
			);
			path = Friend;
			sourceTree = "<group>";
		};
		B4A6FDA425CDE0FF00E8AAB7 /* MyGroups */ = {
			isa = PBXGroup;
			children = (
				B4A6FDB425CDE68900E8AAB7 /* MyGroupsController.swift */,
			);
			path = MyGroups;
			sourceTree = "<group>";
		};
		B4A6FDA525CDE11400E8AAB7 /* AllGroups */ = {
			isa = PBXGroup;
			children = (
				B4A6FDA625CDE59D00E8AAB7 /* AllGroupsController.swift */,
			);
			path = AllGroups;
			sourceTree = "<group>";
		};
		B4D2803225D2F2BF00D8AA91 /* MyView */ = {
			isa = PBXGroup;
			children = (
				B4D2803325D2F32100D8AA91 /* AvatarView.swift */,
			);
			path = MyView;
			sourceTree = "<group>";
		};
		B4FB272825D1A79600C4D83B /* Model */ = {
			isa = PBXGroup;
			children = (
				B4FB272925D1A7B300C4D83B /* User.swift */,
				B4FB272C25D1A7C600C4D83B /* Group.swift */,
			);
			path = Model;
			sourceTree = "<group>";
		};
		B4FB272F25D1AFD000C4D83B /* GroupCell */ = {
			isa = PBXGroup;
			children = (
				B4FB273425D1B15F00C4D83B /* GroupTableViewCell.swift */,
				B4FB273525D1B15F00C4D83B /* GroupTableViewCell.xib */,
			);
			path = GroupCell;
			sourceTree = "<group>";
		};
/* End PBXGroup section */

/* Begin PBXNativeTarget section */
		B464DC6E25BF4CC80020A4CE /* SwiftUIBase */ = {
			isa = PBXNativeTarget;
			buildConfigurationList = B464DC8325BF4CC80020A4CE /* Build configuration list for PBXNativeTarget "SwiftUIBase" */;
			buildPhases = (
				B464DC6B25BF4CC80020A4CE /* Sources */,
				B464DC6C25BF4CC80020A4CE /* Frameworks */,
				B464DC6D25BF4CC80020A4CE /* Resources */,
			);
			buildRules = (
			);
			dependencies = (
			);
			name = SwiftUIBase;
			productName = SwiftUIBase;
			productReference = B464DC6F25BF4CC80020A4CE /* SwiftUIBase.app */;
			productType = "com.apple.product-type.application";
		};
/* End PBXNativeTarget section */

/* Begin PBXProject section */
		B464DC6725BF4CC80020A4CE /* Project object */ = {
			isa = PBXProject;
			attributes = {
				LastSwiftUpdateCheck = 1230;
				LastUpgradeCheck = 1230;
				TargetAttributes = {
					B464DC6E25BF4CC80020A4CE = {
						CreatedOnToolsVersion = 12.3;
					};
				};
			};
			buildConfigurationList = B464DC6A25BF4CC80020A4CE /* Build configuration list for PBXProject "SwiftUIBase" */;
			compatibilityVersion = "Xcode 9.3";
			developmentRegion = en;
			hasScannedForEncodings = 0;
			knownRegions = (
				en,
				Base,
			);
			mainGroup = B464DC6625BF4CC80020A4CE;
			productRefGroup = B464DC7025BF4CC80020A4CE /* Products */;
			projectDirPath = "";
			projectRoot = "";
			targets = (
				B464DC6E25BF4CC80020A4CE /* SwiftUIBase */,
			);
		};
/* End PBXProject section */

/* Begin PBXResourcesBuildPhase section */
		B464DC6D25BF4CC80020A4CE /* Resources */ = {
			isa = PBXResourcesBuildPhase;
			buildActionMask = 2147483647;
			files = (
				B464DC7F25BF4CC80020A4CE /* LaunchScreen.storyboard in Resources */,
				B4A6FDBD25CDE6EA00E8AAB7 /* FriendCell.xib in Resources */,
				B4A6FDC525CDE79400E8AAB7 /* FriendsListCell.xib in Resources */,
				B464DC7C25BF4CC80020A4CE /* Assets.xcassets in Resources */,
				B464DC7A25BF4CC80020A4CE /* Main.storyboard in Resources */,
				B4FB273725D1B15F00C4D83B /* GroupTableViewCell.xib in Resources */,
			);
			runOnlyForDeploymentPostprocessing = 0;
		};
/* End PBXResourcesBuildPhase section */

/* Begin PBXSourcesBuildPhase section */
		B464DC6B25BF4CC80020A4CE /* Sources */ = {
			isa = PBXSourcesBuildPhase;
			buildActionMask = 2147483647;
			files = (
				B4A6FDC025CDE76D00E8AAB7 /* FriendsListController.swift in Sources */,
				B4D2803425D2F32100D8AA91 /* AvatarView.swift in Sources */,
				B4A6FDA725CDE59D00E8AAB7 /* AllGroupsController.swift in Sources */,
				B4A6FDB825CDE6C800E8AAB7 /* FriendController.swift in Sources */,
				B4FB272D25D1A7C700C4D83B /* Group.swift in Sources */,
				B4A6FDB525CDE68900E8AAB7 /* MyGroupsController.swift in Sources */,
				B4A6FDBC25CDE6EA00E8AAB7 /* FriendCell.swift in Sources */,
				B4A6FDC425CDE79400E8AAB7 /* FriendsListCell.swift in Sources */,
				B464DC7725BF4CC80020A4CE /* ViewController.swift in Sources */,
				B464DC7325BF4CC80020A4CE /* AppDelegate.swift in Sources */,
				B4FB273625D1B15F00C4D83B /* GroupTableViewCell.swift in Sources */,
				B4FB272A25D1A7B300C4D83B /* User.swift in Sources */,
			);
			runOnlyForDeploymentPostprocessing = 0;
		};
/* End PBXSourcesBuildPhase section */

/* Begin PBXVariantGroup section */
		B464DC7825BF4CC80020A4CE /* Main.storyboard */ = {
			isa = PBXVariantGroup;
			children = (
				B464DC7925BF4CC80020A4CE /* Base */,
			);
			name = Main.storyboard;
			sourceTree = "<group>";
		};
		B464DC7D25BF4CC80020A4CE /* LaunchScreen.storyboard */ = {
			isa = PBXVariantGroup;
			children = (
				B464DC7E25BF4CC80020A4CE /* Base */,
			);
			name = LaunchScreen.storyboard;
			sourceTree = "<group>";
		};
/* End PBXVariantGroup section */

/* Begin XCBuildConfiguration section */
		B464DC8125BF4CC80020A4CE /* Debug */ = {
			isa = XCBuildConfiguration;
			buildSettings = {
				ALWAYS_SEARCH_USER_PATHS = NO;
				CLANG_ANALYZER_NONNULL = YES;
				CLANG_ANALYZER_NUMBER_OBJECT_CONVERSION = YES_AGGRESSIVE;
				CLANG_CXX_LANGUAGE_STANDARD = "gnu++14";
				CLANG_CXX_LIBRARY = "libc++";
				CLANG_ENABLE_MODULES = YES;
				CLANG_ENABLE_OBJC_ARC = YES;
				CLANG_ENABLE_OBJC_WEAK = YES;
				CLANG_WARN_BLOCK_CAPTURE_AUTORELEASING = YES;
				CLANG_WARN_BOOL_CONVERSION = YES;
				CLANG_WARN_COMMA = YES;
				CLANG_WARN_CONSTANT_CONVERSION = YES;
				CLANG_WARN_DEPRECATED_OBJC_IMPLEMENTATIONS = YES;
				CLANG_WARN_DIRECT_OBJC_ISA_USAGE = YES_ERROR;
				CLANG_WARN_DOCUMENTATION_COMMENTS = YES;
				CLANG_WARN_EMPTY_BODY = YES;
				CLANG_WARN_ENUM_CONVERSION = YES;
				CLANG_WARN_INFINITE_RECURSION = YES;
				CLANG_WARN_INT_CONVERSION = YES;
				CLANG_WARN_NON_LITERAL_NULL_CONVERSION = YES;
				CLANG_WARN_OBJC_IMPLICIT_RETAIN_SELF = YES;
				CLANG_WARN_OBJC_LITERAL_CONVERSION = YES;
				CLANG_WARN_OBJC_ROOT_CLASS = YES_ERROR;
				CLANG_WARN_QUOTED_INCLUDE_IN_FRAMEWORK_HEADER = YES;
				CLANG_WARN_RANGE_LOOP_ANALYSIS = YES;
				CLANG_WARN_STRICT_PROTOTYPES = YES;
				CLANG_WARN_SUSPICIOUS_MOVE = YES;
				CLANG_WARN_UNGUARDED_AVAILABILITY = YES_AGGRESSIVE;
				CLANG_WARN_UNREACHABLE_CODE = YES;
				CLANG_WARN__DUPLICATE_METHOD_MATCH = YES;
				COPY_PHASE_STRIP = NO;
				DEBUG_INFORMATION_FORMAT = dwarf;
				ENABLE_STRICT_OBJC_MSGSEND = YES;
				ENABLE_TESTABILITY = YES;
				GCC_C_LANGUAGE_STANDARD = gnu11;
				GCC_DYNAMIC_NO_PIC = NO;
				GCC_NO_COMMON_BLOCKS = YES;
				GCC_OPTIMIZATION_LEVEL = 0;
				GCC_PREPROCESSOR_DEFINITIONS = (
					"DEBUG=1",
					"$(inherited)",
				);
				GCC_WARN_64_TO_32_BIT_CONVERSION = YES;
				GCC_WARN_ABOUT_RETURN_TYPE = YES_ERROR;
				GCC_WARN_UNDECLARED_SELECTOR = YES;
				GCC_WARN_UNINITIALIZED_AUTOS = YES_AGGRESSIVE;
				GCC_WARN_UNUSED_FUNCTION = YES;
				GCC_WARN_UNUSED_VARIABLE = YES;
				IPHONEOS_DEPLOYMENT_TARGET = 14.3;
				MTL_ENABLE_DEBUG_INFO = INCLUDE_SOURCE;
				MTL_FAST_MATH = YES;
				ONLY_ACTIVE_ARCH = YES;
				SDKROOT = iphoneos;
				SWIFT_ACTIVE_COMPILATION_CONDITIONS = DEBUG;
				SWIFT_OPTIMIZATION_LEVEL = "-Onone";
			};
			name = Debug;
		};
		B464DC8225BF4CC80020A4CE /* Release */ = {
			isa = XCBuildConfiguration;
			buildSettings = {
				ALWAYS_SEARCH_USER_PATHS = NO;
				CLANG_ANALYZER_NONNULL = YES;
				CLANG_ANALYZER_NUMBER_OBJECT_CONVERSION = YES_AGGRESSIVE;
				CLANG_CXX_LANGUAGE_STANDARD = "gnu++14";
				CLANG_CXX_LIBRARY = "libc++";
				CLANG_ENABLE_MODULES = YES;
				CLANG_ENABLE_OBJC_ARC = YES;
				CLANG_ENABLE_OBJC_WEAK = YES;
				CLANG_WARN_BLOCK_CAPTURE_AUTORELEASING = YES;
				CLANG_WARN_BOOL_CONVERSION = YES;
				CLANG_WARN_COMMA = YES;
				CLANG_WARN_CONSTANT_CONVERSION = YES;
				CLANG_WARN_DEPRECATED_OBJC_IMPLEMENTATIONS = YES;
				CLANG_WARN_DIRECT_OBJC_ISA_USAGE = YES_ERROR;
				CLANG_WARN_DOCUMENTATION_COMMENTS = YES;
				CLANG_WARN_EMPTY_BODY = YES;
				CLANG_WARN_ENUM_CONVERSION = YES;
				CLANG_WARN_INFINITE_RECURSION = YES;
				CLANG_WARN_INT_CONVERSION = YES;
				CLANG_WARN_NON_LITERAL_NULL_CONVERSION = YES;
				CLANG_WARN_OBJC_IMPLICIT_RETAIN_SELF = YES;
				CLANG_WARN_OBJC_LITERAL_CONVERSION = YES;
				CLANG_WARN_OBJC_ROOT_CLASS = YES_ERROR;
				CLANG_WARN_QUOTED_INCLUDE_IN_FRAMEWORK_HEADER = YES;
				CLANG_WARN_RANGE_LOOP_ANALYSIS = YES;
				CLANG_WARN_STRICT_PROTOTYPES = YES;
				CLANG_WARN_SUSPICIOUS_MOVE = YES;
				CLANG_WARN_UNGUARDED_AVAILABILITY = YES_AGGRESSIVE;
				CLANG_WARN_UNREACHABLE_CODE = YES;
				CLANG_WARN__DUPLICATE_METHOD_MATCH = YES;
				COPY_PHASE_STRIP = NO;
				DEBUG_INFORMATION_FORMAT = "dwarf-with-dsym";
				ENABLE_NS_ASSERTIONS = NO;
				ENABLE_STRICT_OBJC_MSGSEND = YES;
				GCC_C_LANGUAGE_STANDARD = gnu11;
				GCC_NO_COMMON_BLOCKS = YES;
				GCC_WARN_64_TO_32_BIT_CONVERSION = YES;
				GCC_WARN_ABOUT_RETURN_TYPE = YES_ERROR;
				GCC_WARN_UNDECLARED_SELECTOR = YES;
				GCC_WARN_UNINITIALIZED_AUTOS = YES_AGGRESSIVE;
				GCC_WARN_UNUSED_FUNCTION = YES;
				GCC_WARN_UNUSED_VARIABLE = YES;
				IPHONEOS_DEPLOYMENT_TARGET = 14.3;
				MTL_ENABLE_DEBUG_INFO = NO;
				MTL_FAST_MATH = YES;
				SDKROOT = iphoneos;
				SWIFT_COMPILATION_MODE = wholemodule;
				SWIFT_OPTIMIZATION_LEVEL = "-O";
				VALIDATE_PRODUCT = YES;
			};
			name = Release;
		};
		B464DC8425BF4CC80020A4CE /* Debug */ = {
			isa = XCBuildConfiguration;
			buildSettings = {
				ASSETCATALOG_COMPILER_APPICON_NAME = AppIcon;
				ASSETCATALOG_COMPILER_GLOBAL_ACCENT_COLOR_NAME = AccentColor;
				CODE_SIGN_IDENTITY = "Apple Development";
				CODE_SIGN_STYLE = Automatic;
				DEVELOPMENT_TEAM = Y3TX8XZJAK;
				INFOPLIST_FILE = SwiftUIBase/Info.plist;
				IPHONEOS_DEPLOYMENT_TARGET = 13.0;
				LD_RUNPATH_SEARCH_PATHS = (
					"$(inherited)",
					"@executable_path/Frameworks",
				);
				PRODUCT_BUNDLE_IDENTIFIER = ru.geekbrains.SwiftUIBase;
				PRODUCT_NAME = "$(TARGET_NAME)";
				PROVISIONING_PROFILE_SPECIFIER = "";
				SWIFT_VERSION = 5.0;
				TARGETED_DEVICE_FAMILY = 1;
			};
			name = Debug;
		};
		B464DC8525BF4CC80020A4CE /* Release */ = {
			isa = XCBuildConfiguration;
			buildSettings = {
				ASSETCATALOG_COMPILER_APPICON_NAME = AppIcon;
				ASSETCATALOG_COMPILER_GLOBAL_ACCENT_COLOR_NAME = AccentColor;
				CODE_SIGN_IDENTITY = "Apple Development";
				CODE_SIGN_STYLE = Automatic;
				DEVELOPMENT_TEAM = Y3TX8XZJAK;
				INFOPLIST_FILE = SwiftUIBase/Info.plist;
				IPHONEOS_DEPLOYMENT_TARGET = 13.0;
				LD_RUNPATH_SEARCH_PATHS = (
					"$(inherited)",
					"@executable_path/Frameworks",
				);
				PRODUCT_BUNDLE_IDENTIFIER = ru.geekbrains.SwiftUIBase;
				PRODUCT_NAME = "$(TARGET_NAME)";
				PROVISIONING_PROFILE_SPECIFIER = "";
				SWIFT_VERSION = 5.0;
				TARGETED_DEVICE_FAMILY = 1;
			};
			name = Release;
		};
/* End XCBuildConfiguration section */

/* Begin XCConfigurationList section */
		B464DC6A25BF4CC80020A4CE /* Build configuration list for PBXProject "SwiftUIBase" */ = {
			isa = XCConfigurationList;
			buildConfigurations = (
				B464DC8125BF4CC80020A4CE /* Debug */,
				B464DC8225BF4CC80020A4CE /* Release */,
			);
			defaultConfigurationIsVisible = 0;
			defaultConfigurationName = Release;
		};
		B464DC8325BF4CC80020A4CE /* Build configuration list for PBXNativeTarget "SwiftUIBase" */ = {
			isa = XCConfigurationList;
			buildConfigurations = (
				B464DC8425BF4CC80020A4CE /* Debug */,
				B464DC8525BF4CC80020A4CE /* Release */,
			);
			defaultConfigurationIsVisible = 0;
			defaultConfigurationName = Release;
		};
/* End XCConfigurationList section */
	};
	rootObject = B464DC6725BF4CC80020A4CE /* Project object */;
}
