// !$*UTF8*$!
{
	archiveVersion = 1;
	classes = {
	};
	objectVersion = 50;
	objects = {

/* Begin PBXBuildFile section */
		261334D9A36203070BF644E8 /* Pods_SwiftUIBase.framework in Frameworks */ = {isa = PBXBuildFile; fileRef = BBF17FB27BFE2506A46591E0 /* Pods_SwiftUIBase.framework */; };
		B40BA16D25E6CF8C00B22299 /* NewsTableViewController.swift in Sources */ = {isa = PBXBuildFile; fileRef = B40BA16C25E6CF8C00B22299 /* NewsTableViewController.swift */; };
		B4285DC725D8028E00A3E3B0 /* LikeButton.swift in Sources */ = {isa = PBXBuildFile; fileRef = B4285DC625D8028E00A3E3B0 /* LikeButton.swift */; };
		B4416E712607A6390042741D /* Session.swift in Sources */ = {isa = PBXBuildFile; fileRef = B4416E702607A6390042741D /* Session.swift */; };
		B464DC7325BF4CC80020A4CE /* AppDelegate.swift in Sources */ = {isa = PBXBuildFile; fileRef = B464DC7225BF4CC80020A4CE /* AppDelegate.swift */; };
		B464DC7725BF4CC80020A4CE /* ViewController.swift in Sources */ = {isa = PBXBuildFile; fileRef = B464DC7625BF4CC80020A4CE /* ViewController.swift */; };
		B464DC7A25BF4CC80020A4CE /* Main.storyboard in Resources */ = {isa = PBXBuildFile; fileRef = B464DC7825BF4CC80020A4CE /* Main.storyboard */; };
		B464DC7C25BF4CC80020A4CE /* Assets.xcassets in Resources */ = {isa = PBXBuildFile; fileRef = B464DC7B25BF4CC80020A4CE /* Assets.xcassets */; };
		B464DC7F25BF4CC80020A4CE /* LaunchScreen.storyboard in Resources */ = {isa = PBXBuildFile; fileRef = B464DC7D25BF4CC80020A4CE /* LaunchScreen.storyboard */; };
		B48DD02D25EBEF3200663653 /* ShareButton.swift in Sources */ = {isa = PBXBuildFile; fileRef = B48DD02C25EBEF3200663653 /* ShareButton.swift */; };
		B48DD03025EBF1D800663653 /* ViewingCounterView.swift in Sources */ = {isa = PBXBuildFile; fileRef = B48DD02F25EBF1D800663653 /* ViewingCounterView.swift */; };
		B48DD03825EC096700663653 /* NewsTableViewCell.swift in Sources */ = {isa = PBXBuildFile; fileRef = B48DD03625EC096700663653 /* NewsTableViewCell.swift */; };
		B48DD03925EC096700663653 /* NewsTableViewCell.xib in Resources */ = {isa = PBXBuildFile; fileRef = B48DD03725EC096700663653 /* NewsTableViewCell.xib */; };
		B4A6FDA725CDE59D00E8AAB7 /* AllGroupsController.swift in Sources */ = {isa = PBXBuildFile; fileRef = B4A6FDA625CDE59D00E8AAB7 /* AllGroupsController.swift */; };
		B4A6FDB525CDE68900E8AAB7 /* MyGroupsController.swift in Sources */ = {isa = PBXBuildFile; fileRef = B4A6FDB425CDE68900E8AAB7 /* MyGroupsController.swift */; };
		B4A6FDB825CDE6C800E8AAB7 /* FriendController.swift in Sources */ = {isa = PBXBuildFile; fileRef = B4A6FDB725CDE6C800E8AAB7 /* FriendController.swift */; };
		B4A6FDBC25CDE6EA00E8AAB7 /* FriendCell.swift in Sources */ = {isa = PBXBuildFile; fileRef = B4A6FDBA25CDE6EA00E8AAB7 /* FriendCell.swift */; };
		B4A6FDBD25CDE6EA00E8AAB7 /* FriendCell.xib in Resources */ = {isa = PBXBuildFile; fileRef = B4A6FDBB25CDE6EA00E8AAB7 /* FriendCell.xib */; };
		B4A6FDC025CDE76D00E8AAB7 /* FriendsListController.swift in Sources */ = {isa = PBXBuildFile; fileRef = B4A6FDBF25CDE76D00E8AAB7 /* FriendsListController.swift */; };
		B4A6FDC425CDE79400E8AAB7 /* FriendsListCell.swift in Sources */ = {isa = PBXBuildFile; fileRef = B4A6FDC225CDE79400E8AAB7 /* FriendsListCell.swift */; };
		B4A6FDC525CDE79400E8AAB7 /* FriendsListCell.xib in Resources */ = {isa = PBXBuildFile; fileRef = B4A6FDC325CDE79400E8AAB7 /* FriendsListCell.xib */; };
		B4B3B2D125EBE4B60021547E /* CommentButton.swift in Sources */ = {isa = PBXBuildFile; fileRef = B4B3B2D025EBE4B60021547E /* CommentButton.swift */; };
		B4D2803425D2F32100D8AA91 /* AvatarView.swift in Sources */ = {isa = PBXBuildFile; fileRef = B4D2803325D2F32100D8AA91 /* AvatarView.swift */; };
		B4DB5B3C25DAEEF600D6D8F2 /* FriendsListSectionHeader.swift in Sources */ = {isa = PBXBuildFile; fileRef = B4DB5B3B25DAEEF600D6D8F2 /* FriendsListSectionHeader.swift */; };
		B4DB5B3F25DAEFBA00D6D8F2 /* FriendsListSectionHeader.xib in Resources */ = {isa = PBXBuildFile; fileRef = B4DB5B3E25DAEFBA00D6D8F2 /* FriendsListSectionHeader.xib */; };
		B4FB272A25D1A7B300C4D83B /* User.swift in Sources */ = {isa = PBXBuildFile; fileRef = B4FB272925D1A7B300C4D83B /* User.swift */; };
		B4FB272D25D1A7C700C4D83B /* Group.swift in Sources */ = {isa = PBXBuildFile; fileRef = B4FB272C25D1A7C600C4D83B /* Group.swift */; };
		B4FB273625D1B15F00C4D83B /* GroupTableViewCell.swift in Sources */ = {isa = PBXBuildFile; fileRef = B4FB273425D1B15F00C4D83B /* GroupTableViewCell.swift */; };
		B4FB273725D1B15F00C4D83B /* GroupTableViewCell.xib in Resources */ = {isa = PBXBuildFile; fileRef = B4FB273525D1B15F00C4D83B /* GroupTableViewCell.xib */; };
/* End PBXBuildFile section */

/* Begin PBXFileReference section */
		7026C9A188C18BBEB13C7E1E /* Pods-SwiftUIBase.debug.xcconfig */ = {isa = PBXFileReference; includeInIndex = 1; lastKnownFileType = text.xcconfig; name = "Pods-SwiftUIBase.debug.xcconfig"; path = "Target Support Files/Pods-SwiftUIBase/Pods-SwiftUIBase.debug.xcconfig"; sourceTree = "<group>"; };
		86B6EEB628300BFFE69EDE94 /* Pods-SwiftUIBase.release.xcconfig */ = {isa = PBXFileReference; includeInIndex = 1; lastKnownFileType = text.xcconfig; name = "Pods-SwiftUIBase.release.xcconfig"; path = "Target Support Files/Pods-SwiftUIBase/Pods-SwiftUIBase.release.xcconfig"; sourceTree = "<group>"; };
		B40BA16C25E6CF8C00B22299 /* NewsTableViewController.swift */ = {isa = PBXFileReference; lastKnownFileType = sourcecode.swift; path = NewsTableViewController.swift; sourceTree = "<group>"; };
		B4285DC625D8028E00A3E3B0 /* LikeButton.swift */ = {isa = PBXFileReference; lastKnownFileType = sourcecode.swift; path = LikeButton.swift; sourceTree = "<group>"; };
		B4416E702607A6390042741D /* Session.swift */ = {isa = PBXFileReference; lastKnownFileType = sourcecode.swift; path = Session.swift; sourceTree = "<group>"; };
		B464DC6F25BF4CC80020A4CE /* SwiftUIBase.app */ = {isa = PBXFileReference; explicitFileType = wrapper.application; includeInIndex = 0; path = SwiftUIBase.app; sourceTree = BUILT_PRODUCTS_DIR; };
		B464DC7225BF4CC80020A4CE /* AppDelegate.swift */ = {isa = PBXFileReference; lastKnownFileType = sourcecode.swift; path = AppDelegate.swift; sourceTree = "<group>"; };
		B464DC7625BF4CC80020A4CE /* ViewController.swift */ = {isa = PBXFileReference; lastKnownFileType = sourcecode.swift; path = ViewController.swift; sourceTree = "<group>"; };
		B464DC7925BF4CC80020A4CE /* Base */ = {isa = PBXFileReference; lastKnownFileType = file.storyboard; name = Base; path = Base.lproj/Main.storyboard; sourceTree = "<group>"; };
		B464DC7B25BF4CC80020A4CE /* Assets.xcassets */ = {isa = PBXFileReference; lastKnownFileType = folder.assetcatalog; path = Assets.xcassets; sourceTree = "<group>"; };
		B464DC7E25BF4CC80020A4CE /* Base */ = {isa = PBXFileReference; lastKnownFileType = file.storyboard; name = Base; path = Base.lproj/LaunchScreen.storyboard; sourceTree = "<group>"; };
		B464DC8025BF4CC80020A4CE /* Info.plist */ = {isa = PBXFileReference; lastKnownFileType = text.plist.xml; path = Info.plist; sourceTree = "<group>"; };
		B48DD02C25EBEF3200663653 /* ShareButton.swift */ = {isa = PBXFileReference; lastKnownFileType = sourcecode.swift; path = ShareButton.swift; sourceTree = "<group>"; };
		B48DD02F25EBF1D800663653 /* ViewingCounterView.swift */ = {isa = PBXFileReference; lastKnownFileType = sourcecode.swift; path = ViewingCounterView.swift; sourceTree = "<group>"; };
		B48DD03625EC096700663653 /* NewsTableViewCell.swift */ = {isa = PBXFileReference; lastKnownFileType = sourcecode.swift; path = NewsTableViewCell.swift; sourceTree = "<group>"; };
		B48DD03725EC096700663653 /* NewsTableViewCell.xib */ = {isa = PBXFileReference; lastKnownFileType = file.xib; path = NewsTableViewCell.xib; sourceTree = "<group>"; };
		B4A6FDA625CDE59D00E8AAB7 /* AllGroupsController.swift */ = {isa = PBXFileReference; lastKnownFileType = sourcecode.swift; path = AllGroupsController.swift; sourceTree = "<group>"; };
		B4A6FDB425CDE68900E8AAB7 /* MyGroupsController.swift */ = {isa = PBXFileReference; lastKnownFileType = sourcecode.swift; path = MyGroupsController.swift; sourceTree = "<group>"; };
		B4A6FDB725CDE6C800E8AAB7 /* FriendController.swift */ = {isa = PBXFileReference; lastKnownFileType = sourcecode.swift; path = FriendController.swift; sourceTree = "<group>"; };
		B4A6FDBA25CDE6EA00E8AAB7 /* FriendCell.swift */ = {isa = PBXFileReference; lastKnownFileType = sourcecode.swift; path = FriendCell.swift; sourceTree = "<group>"; };
		B4A6FDBB25CDE6EA00E8AAB7 /* FriendCell.xib */ = {isa = PBXFileReference; lastKnownFileType = file.xib; path = FriendCell.xib; sourceTree = "<group>"; };
		B4A6FDBF25CDE76D00E8AAB7 /* FriendsListController.swift */ = {isa = PBXFileReference; lastKnownFileType = sourcecode.swift; path = FriendsListController.swift; sourceTree = "<group>"; };
		B4A6FDC225CDE79400E8AAB7 /* FriendsListCell.swift */ = {isa = PBXFileReference; lastKnownFileType = sourcecode.swift; path = FriendsListCell.swift; sourceTree = "<group>"; };
		B4A6FDC325CDE79400E8AAB7 /* FriendsListCell.xib */ = {isa = PBXFileReference; lastKnownFileType = file.xib; path = FriendsListCell.xib; sourceTree = "<group>"; };
		B4B3B2D025EBE4B60021547E /* CommentButton.swift */ = {isa = PBXFileReference; lastKnownFileType = sourcecode.swift; path = CommentButton.swift; sourceTree = "<group>"; };
		B4D2803325D2F32100D8AA91 /* AvatarView.swift */ = {isa = PBXFileReference; lastKnownFileType = sourcecode.swift; path = AvatarView.swift; sourceTree = "<group>"; };
		B4DB5B3B25DAEEF600D6D8F2 /* FriendsListSectionHeader.swift */ = {isa = PBXFileReference; lastKnownFileType = sourcecode.swift; path = FriendsListSectionHeader.swift; sourceTree = "<group>"; };
		B4DB5B3E25DAEFBA00D6D8F2 /* FriendsListSectionHeader.xib */ = {isa = PBXFileReference; lastKnownFileType = file.xib; path = FriendsListSectionHeader.xib; sourceTree = "<group>"; };
		B4FB272925D1A7B300C4D83B /* User.swift */ = {isa = PBXFileReference; lastKnownFileType = sourcecode.swift; path = User.swift; sourceTree = "<group>"; };
		B4FB272C25D1A7C600C4D83B /* Group.swift */ = {isa = PBXFileReference; lastKnownFileType = sourcecode.swift; path = Group.swift; sourceTree = "<group>"; };
		B4FB273425D1B15F00C4D83B /* GroupTableViewCell.swift */ = {isa = PBXFileReference; lastKnownFileType = sourcecode.swift; path = GroupTableViewCell.swift; sourceTree = "<group>"; };
		B4FB273525D1B15F00C4D83B /* GroupTableViewCell.xib */ = {isa = PBXFileReference; lastKnownFileType = file.xib; path = GroupTableViewCell.xib; sourceTree = "<group>"; };
		BBF17FB27BFE2506A46591E0 /* Pods_SwiftUIBase.framework */ = {isa = PBXFileReference; explicitFileType = wrapper.framework; includeInIndex = 0; path = Pods_SwiftUIBase.framework; sourceTree = BUILT_PRODUCTS_DIR; };
/* End PBXFileReference section */

/* Begin PBXFrameworksBuildPhase section */
		B464DC6C25BF4CC80020A4CE /* Frameworks */ = {
			isa = PBXFrameworksBuildPhase;
			buildActionMask = 2147483647;
			files = (
				261334D9A36203070BF644E8 /* Pods_SwiftUIBase.framework in Frameworks */,
			);
			runOnlyForDeploymentPostprocessing = 0;
		};
/* End PBXFrameworksBuildPhase section */

/* Begin PBXGroup section */
		3E1F777F238172C31901088A /* Pods */ = {
			isa = PBXGroup;
			children = (
				7026C9A188C18BBEB13C7E1E /* Pods-SwiftUIBase.debug.xcconfig */,
				86B6EEB628300BFFE69EDE94 /* Pods-SwiftUIBase.release.xcconfig */,
			);
			name = Pods;
			path = Pods;
			sourceTree = "<group>";
		};
		B40BA16B25E6CF3500B22299 /* News */ = {
			isa = PBXGroup;
			children = (
				B40BA16C25E6CF8C00B22299 /* NewsTableViewController.swift */,
				B48DD03625EC096700663653 /* NewsTableViewCell.swift */,
				B48DD03725EC096700663653 /* NewsTableViewCell.xib */,
			);
			path = News;
			sourceTree = "<group>";
		};
		B4416E6F2607A60C0042741D /* Session */ = {
			isa = PBXGroup;
			children = (
				B4416E702607A6390042741D /* Session.swift */,
			);
			path = Session;
			sourceTree = "<group>";
		};
		B464DC6625BF4CC80020A4CE = {
			isa = PBXGroup;
			children = (
				B464DC7125BF4CC80020A4CE /* SwiftUIBase */,
				B464DC7025BF4CC80020A4CE /* Products */,
				3E1F777F238172C31901088A /* Pods */,
				F64E0962895687B4B20BC9CB /* Frameworks */,
			);
			sourceTree = "<group>";
		};
		B464DC7025BF4CC80020A4CE /* Products */ = {
			isa = PBXGroup;
			children = (
				B464DC6F25BF4CC80020A4CE /* SwiftUIBase.app */,
			);
			name = Products;
			sourceTree = "<group>";
		};
		B464DC7125BF4CC80020A4CE /* SwiftUIBase */ = {
			isa = PBXGroup;
			children = (
				B4416E6F2607A60C0042741D /* Session */,
				B40BA16B25E6CF3500B22299 /* News */,
				B4D2803225D2F2BF00D8AA91 /* MyView */,
				B4FB272F25D1AFD000C4D83B /* GroupCell */,
				B4FB272825D1A79600C4D83B /* Model */,
				B4A6FDA525CDE11400E8AAB7 /* AllGroups */,
				B4A6FDA425CDE0FF00E8AAB7 /* MyGroups */,
				B4A6FDA325CDE0A200E8AAB7 /* Friend */,
				B4A6FDA225CDE05600E8AAB7 /* FriendsList */,
				B464DC7225BF4CC80020A4CE /* AppDelegate.swift */,
				B464DC7625BF4CC80020A4CE /* ViewController.swift */,
				B464DC7825BF4CC80020A4CE /* Main.storyboard */,
				B464DC7B25BF4CC80020A4CE /* Assets.xcassets */,
				B464DC7D25BF4CC80020A4CE /* LaunchScreen.storyboard */,
				B464DC8025BF4CC80020A4CE /* Info.plist */,
			);
			path = SwiftUIBase;
			sourceTree = "<group>";
		};
		B4A6FDA225CDE05600E8AAB7 /* FriendsList */ = {
			isa = PBXGroup;
			children = (
				B4A6FDBF25CDE76D00E8AAB7 /* FriendsListController.swift */,
				B4A6FDC225CDE79400E8AAB7 /* FriendsListCell.swift */,
				B4A6FDC325CDE79400E8AAB7 /* FriendsListCell.xib */,
				B4DB5B3B25DAEEF600D6D8F2 /* FriendsListSectionHeader.swift */,
				B4DB5B3E25DAEFBA00D6D8F2 /* FriendsListSectionHeader.xib */,
			);
			path = FriendsList;
			sourceTree = "<group>";
		};
		B4A6FDA325CDE0A200E8AAB7 /* Friend */ = {
			isa = PBXGroup;
			children = (
				B4A6FDB725CDE6C800E8AAB7 /* FriendController.swift */,
				B4A6FDBA25CDE6EA00E8AAB7 /* FriendCell.swift */,
				B4A6FDBB25CDE6EA00E8AAB7 /* FriendCell.xib */,
			);
			path = Friend;
			sourceTree = "<group>";
		};
		B4A6FDA425CDE0FF00E8AAB7 /* MyGroups */ = {
			isa = PBXGroup;
			children = (
				B4A6FDB425CDE68900E8AAB7 /* MyGroupsController.swift */,
			);
			path = MyGroups;
			sourceTree = "<group>";
		};
		B4A6FDA525CDE11400E8AAB7 /* AllGroups */ = {
			isa = PBXGroup;
			children = (
				B4A6FDA625CDE59D00E8AAB7 /* AllGroupsController.swift */,
			);
			path = AllGroups;
			sourceTree = "<group>";
		};
		B4D2803225D2F2BF00D8AA91 /* MyView */ = {
			isa = PBXGroup;
			children = (
				B4D2803325D2F32100D8AA91 /* AvatarView.swift */,
				B4285DC625D8028E00A3E3B0 /* LikeButton.swift */,
				B4B3B2D025EBE4B60021547E /* CommentButton.swift */,
				B48DD02C25EBEF3200663653 /* ShareButton.swift */,
				B48DD02F25EBF1D800663653 /* ViewingCounterView.swift */,
			);
			path = MyView;
			sourceTree = "<group>";
		};
		B4FB272825D1A79600C4D83B /* Model */ = {
			isa = PBXGroup;
			children = (
				B4FB272925D1A7B300C4D83B /* User.swift */,
				B4FB272C25D1A7C600C4D83B /* Group.swift */,
			);
			path = Model;
			sourceTree = "<group>";
		};
		B4FB272F25D1AFD000C4D83B /* GroupCell */ = {
			isa = PBXGroup;
			children = (
				B4FB273425D1B15F00C4D83B /* GroupTableViewCell.swift */,
				B4FB273525D1B15F00C4D83B /* GroupTableViewCell.xib */,
			);
			path = GroupCell;
			sourceTree = "<group>";
		};
		F64E0962895687B4B20BC9CB /* Frameworks */ = {
			isa = PBXGroup;
			children = (
				BBF17FB27BFE2506A46591E0 /* Pods_SwiftUIBase.framework */,
			);
			name = Frameworks;
			sourceTree = "<group>";
		};
/* End PBXGroup section */

/* Begin PBXNativeTarget section */
		B464DC6E25BF4CC80020A4CE /* SwiftUIBase */ = {
			isa = PBXNativeTarget;
			buildConfigurationList = B464DC8325BF4CC80020A4CE /* Build configuration list for PBXNativeTarget "SwiftUIBase" */;
			buildPhases = (
				3F85461DF57DD8395A0FC2DD /* [CP] Check Pods Manifest.lock */,
				B464DC6B25BF4CC80020A4CE /* Sources */,
				B464DC6C25BF4CC80020A4CE /* Frameworks */,
				B464DC6D25BF4CC80020A4CE /* Resources */,
				0528B464F33A01A37C3A1C13 /* [CP] Embed Pods Frameworks */,
			);
			buildRules = (
			);
			dependencies = (
			);
			name = SwiftUIBase;
			productName = SwiftUIBase;
			productReference = B464DC6F25BF4CC80020A4CE /* SwiftUIBase.app */;
			productType = "com.apple.product-type.application";
		};
/* End PBXNativeTarget section */

/* Begin PBXProject section */
		B464DC6725BF4CC80020A4CE /* Project object */ = {
			isa = PBXProject;
			attributes = {
				LastSwiftUpdateCheck = 1230;
				LastUpgradeCheck = 1230;
				TargetAttributes = {
					B464DC6E25BF4CC80020A4CE = {
						CreatedOnToolsVersion = 12.3;
					};
				};
			};
			buildConfigurationList = B464DC6A25BF4CC80020A4CE /* Build configuration list for PBXProject "SwiftUIBase" */;
			compatibilityVersion = "Xcode 9.3";
			developmentRegion = en;
			hasScannedForEncodings = 0;
			knownRegions = (
				en,
				Base,
			);
			mainGroup = B464DC6625BF4CC80020A4CE;
			productRefGroup = B464DC7025BF4CC80020A4CE /* Products */;
			projectDirPath = "";
			projectRoot = "";
			targets = (
				B464DC6E25BF4CC80020A4CE /* SwiftUIBase */,
			);
		};
/* End PBXProject section */

/* Begin PBXResourcesBuildPhase section */
		B464DC6D25BF4CC80020A4CE /* Resources */ = {
			isa = PBXResourcesBuildPhase;
			buildActionMask = 2147483647;
			files = (
				B464DC7F25BF4CC80020A4CE /* LaunchScreen.storyboard in Resources */,
				B4DB5B3F25DAEFBA00D6D8F2 /* FriendsListSectionHeader.xib in Resources */,
				B4A6FDBD25CDE6EA00E8AAB7 /* FriendCell.xib in Resources */,
				B4A6FDC525CDE79400E8AAB7 /* FriendsListCell.xib in Resources */,
				B464DC7C25BF4CC80020A4CE /* Assets.xcassets in Resources */,
				B464DC7A25BF4CC80020A4CE /* Main.storyboard in Resources */,
				B48DD03925EC096700663653 /* NewsTableViewCell.xib in Resources */,
				B4FB273725D1B15F00C4D83B /* GroupTableViewCell.xib in Resources */,
			);
			runOnlyForDeploymentPostprocessing = 0;
		};
/* End PBXResourcesBuildPhase section */

/* Begin PBXShellScriptBuildPhase section */
		0528B464F33A01A37C3A1C13 /* [CP] Embed Pods Frameworks */ = {
			isa = PBXShellScriptBuildPhase;
			buildActionMask = 2147483647;
			files = (
			);
			inputFileListPaths = (
				"${PODS_ROOT}/Target Support Files/Pods-SwiftUIBase/Pods-SwiftUIBase-frameworks-${CONFIGURATION}-input-files.xcfilelist",
			);
			name = "[CP] Embed Pods Frameworks";
			outputFileListPaths = (
				"${PODS_ROOT}/Target Support Files/Pods-SwiftUIBase/Pods-SwiftUIBase-frameworks-${CONFIGURATION}-output-files.xcfilelist",
			);
			runOnlyForDeploymentPostprocessing = 0;
			shellPath = /bin/sh;
			shellScript = "\"${PODS_ROOT}/Target Support Files/Pods-SwiftUIBase/Pods-SwiftUIBase-frameworks.sh\"\n";
			showEnvVarsInLog = 0;
		};
		3F85461DF57DD8395A0FC2DD /* [CP] Check Pods Manifest.lock */ = {
			isa = PBXShellScriptBuildPhase;
			buildActionMask = 2147483647;
			files = (
			);
			inputFileListPaths = (
			);
			inputPaths = (
				"${PODS_PODFILE_DIR_PATH}/Podfile.lock",
				"${PODS_ROOT}/Manifest.lock",
			);
			name = "[CP] Check Pods Manifest.lock";
			outputFileListPaths = (
			);
			outputPaths = (
				"$(DERIVED_FILE_DIR)/Pods-SwiftUIBase-checkManifestLockResult.txt",
			);
			runOnlyForDeploymentPostprocessing = 0;
			shellPath = /bin/sh;
			shellScript = "diff \"${PODS_PODFILE_DIR_PATH}/Podfile.lock\" \"${PODS_ROOT}/Manifest.lock\" > /dev/null\nif [ $? != 0 ] ; then\n    # print error to STDERR\n    echo \"error: The sandbox is not in sync with the Podfile.lock. Run 'pod install' or update your CocoaPods installation.\" >&2\n    exit 1\nfi\n# This output is used by Xcode 'outputs' to avoid re-running this script phase.\necho \"SUCCESS\" > \"${SCRIPT_OUTPUT_FILE_0}\"\n";
			showEnvVarsInLog = 0;
		};
/* End PBXShellScriptBuildPhase section */

/* Begin PBXSourcesBuildPhase section */
		B464DC6B25BF4CC80020A4CE /* Sources */ = {
			isa = PBXSourcesBuildPhase;
			buildActionMask = 2147483647;
			files = (
				B4416E712607A6390042741D /* Session.swift in Sources */,
				B4A6FDC025CDE76D00E8AAB7 /* FriendsListController.swift in Sources */,
				B4D2803425D2F32100D8AA91 /* AvatarView.swift in Sources */,
				B4DB5B3C25DAEEF600D6D8F2 /* FriendsListSectionHeader.swift in Sources */,
				B4A6FDA725CDE59D00E8AAB7 /* AllGroupsController.swift in Sources */,
				B4A6FDB825CDE6C800E8AAB7 /* FriendController.swift in Sources */,
				B4FB272D25D1A7C700C4D83B /* Group.swift in Sources */,
				B4A6FDB525CDE68900E8AAB7 /* MyGroupsController.swift in Sources */,
				B4A6FDBC25CDE6EA00E8AAB7 /* FriendCell.swift in Sources */,
				B48DD02D25EBEF3200663653 /* ShareButton.swift in Sources */,
				B40BA16D25E6CF8C00B22299 /* NewsTableViewController.swift in Sources */,
				B4B3B2D125EBE4B60021547E /* CommentButton.swift in Sources */,
				B4A6FDC425CDE79400E8AAB7 /* FriendsListCell.swift in Sources */,
				B464DC7725BF4CC80020A4CE /* ViewController.swift in Sources */,
				B48DD03025EBF1D800663653 /* ViewingCounterView.swift in Sources */,
				B4285DC725D8028E00A3E3B0 /* LikeButton.swift in Sources */,
				B464DC7325BF4CC80020A4CE /* AppDelegate.swift in Sources */,
				B4FB273625D1B15F00C4D83B /* GroupTableViewCell.swift in Sources */,
				B4FB272A25D1A7B300C4D83B /* User.swift in Sources */,
				B48DD03825EC096700663653 /* NewsTableViewCell.swift in Sources */,
			);
			runOnlyForDeploymentPostprocessing = 0;
		};
/* End PBXSourcesBuildPhase section */

/* Begin PBXVariantGroup section */
		B464DC7825BF4CC80020A4CE /* Main.storyboard */ = {
			isa = PBXVariantGroup;
			children = (
				B464DC7925BF4CC80020A4CE /* Base */,
			);
			name = Main.storyboard;
			sourceTree = "<group>";
		};
		B464DC7D25BF4CC80020A4CE /* LaunchScreen.storyboard */ = {
			isa = PBXVariantGroup;
			children = (
				B464DC7E25BF4CC80020A4CE /* Base */,
			);
			name = LaunchScreen.storyboard;
			sourceTree = "<group>";
		};
/* End PBXVariantGroup section */

/* Begin XCBuildConfiguration section */
		B464DC8125BF4CC80020A4CE /* Debug */ = {
			isa = XCBuildConfiguration;
			buildSettings = {
				ALWAYS_SEARCH_USER_PATHS = NO;
				CLANG_ANALYZER_NONNULL = YES;
				CLANG_ANALYZER_NUMBER_OBJECT_CONVERSION = YES_AGGRESSIVE;
				CLANG_CXX_LANGUAGE_STANDARD = "gnu++14";
				CLANG_CXX_LIBRARY = "libc++";
				CLANG_ENABLE_MODULES = YES;
				CLANG_ENABLE_OBJC_ARC = YES;
				CLANG_ENABLE_OBJC_WEAK = YES;
				CLANG_WARN_BLOCK_CAPTURE_AUTORELEASING = YES;
				CLANG_WARN_BOOL_CONVERSION = YES;
				CLANG_WARN_COMMA = YES;
				CLANG_WARN_CONSTANT_CONVERSION = YES;
				CLANG_WARN_DEPRECATED_OBJC_IMPLEMENTATIONS = YES;
				CLANG_WARN_DIRECT_OBJC_ISA_USAGE = YES_ERROR;
				CLANG_WARN_DOCUMENTATION_COMMENTS = YES;
				CLANG_WARN_EMPTY_BODY = YES;
				CLANG_WARN_ENUM_CONVERSION = YES;
				CLANG_WARN_INFINITE_RECURSION = YES;
				CLANG_WARN_INT_CONVERSION = YES;
				CLANG_WARN_NON_LITERAL_NULL_CONVERSION = YES;
				CLANG_WARN_OBJC_IMPLICIT_RETAIN_SELF = YES;
				CLANG_WARN_OBJC_LITERAL_CONVERSION = YES;
				CLANG_WARN_OBJC_ROOT_CLASS = YES_ERROR;
				CLANG_WARN_QUOTED_INCLUDE_IN_FRAMEWORK_HEADER = YES;
				CLANG_WARN_RANGE_LOOP_ANALYSIS = YES;
				CLANG_WARN_STRICT_PROTOTYPES = YES;
				CLANG_WARN_SUSPICIOUS_MOVE = YES;
				CLANG_WARN_UNGUARDED_AVAILABILITY = YES_AGGRESSIVE;
				CLANG_WARN_UNREACHABLE_CODE = YES;
				CLANG_WARN__DUPLICATE_METHOD_MATCH = YES;
				COPY_PHASE_STRIP = NO;
				DEBUG_INFORMATION_FORMAT = dwarf;
				ENABLE_STRICT_OBJC_MSGSEND = YES;
				ENABLE_TESTABILITY = YES;
				GCC_C_LANGUAGE_STANDARD = gnu11;
				GCC_DYNAMIC_NO_PIC = NO;
				GCC_NO_COMMON_BLOCKS = YES;
				GCC_OPTIMIZATION_LEVEL = 0;
				GCC_PREPROCESSOR_DEFINITIONS = (
					"DEBUG=1",
					"$(inherited)",
				);
				GCC_WARN_64_TO_32_BIT_CONVERSION = YES;
				GCC_WARN_ABOUT_RETURN_TYPE = YES_ERROR;
				GCC_WARN_UNDECLARED_SELECTOR = YES;
				GCC_WARN_UNINITIALIZED_AUTOS = YES_AGGRESSIVE;
				GCC_WARN_UNUSED_FUNCTION = YES;
				GCC_WARN_UNUSED_VARIABLE = YES;
				IPHONEOS_DEPLOYMENT_TARGET = 14.3;
				MTL_ENABLE_DEBUG_INFO = INCLUDE_SOURCE;
				MTL_FAST_MATH = YES;
				ONLY_ACTIVE_ARCH = YES;
				SDKROOT = iphoneos;
				SWIFT_ACTIVE_COMPILATION_CONDITIONS = DEBUG;
				SWIFT_OPTIMIZATION_LEVEL = "-Onone";
			};
			name = Debug;
		};
		B464DC8225BF4CC80020A4CE /* Release */ = {
			isa = XCBuildConfiguration;
			buildSettings = {
				ALWAYS_SEARCH_USER_PATHS = NO;
				CLANG_ANALYZER_NONNULL = YES;
				CLANG_ANALYZER_NUMBER_OBJECT_CONVERSION = YES_AGGRESSIVE;
				CLANG_CXX_LANGUAGE_STANDARD = "gnu++14";
				CLANG_CXX_LIBRARY = "libc++";
				CLANG_ENABLE_MODULES = YES;
				CLANG_ENABLE_OBJC_ARC = YES;
				CLANG_ENABLE_OBJC_WEAK = YES;
				CLANG_WARN_BLOCK_CAPTURE_AUTORELEASING = YES;
				CLANG_WARN_BOOL_CONVERSION = YES;
				CLANG_WARN_COMMA = YES;
				CLANG_WARN_CONSTANT_CONVERSION = YES;
				CLANG_WARN_DEPRECATED_OBJC_IMPLEMENTATIONS = YES;
				CLANG_WARN_DIRECT_OBJC_ISA_USAGE = YES_ERROR;
				CLANG_WARN_DOCUMENTATION_COMMENTS = YES;
				CLANG_WARN_EMPTY_BODY = YES;
				CLANG_WARN_ENUM_CONVERSION = YES;
				CLANG_WARN_INFINITE_RECURSION = YES;
				CLANG_WARN_INT_CONVERSION = YES;
				CLANG_WARN_NON_LITERAL_NULL_CONVERSION = YES;
				CLANG_WARN_OBJC_IMPLICIT_RETAIN_SELF = YES;
				CLANG_WARN_OBJC_LITERAL_CONVERSION = YES;
				CLANG_WARN_OBJC_ROOT_CLASS = YES_ERROR;
				CLANG_WARN_QUOTED_INCLUDE_IN_FRAMEWORK_HEADER = YES;
				CLANG_WARN_RANGE_LOOP_ANALYSIS = YES;
				CLANG_WARN_STRICT_PROTOTYPES = YES;
				CLANG_WARN_SUSPICIOUS_MOVE = YES;
				CLANG_WARN_UNGUARDED_AVAILABILITY = YES_AGGRESSIVE;
				CLANG_WARN_UNREACHABLE_CODE = YES;
				CLANG_WARN__DUPLICATE_METHOD_MATCH = YES;
				COPY_PHASE_STRIP = NO;
				DEBUG_INFORMATION_FORMAT = "dwarf-with-dsym";
				ENABLE_NS_ASSERTIONS = NO;
				ENABLE_STRICT_OBJC_MSGSEND = YES;
				GCC_C_LANGUAGE_STANDARD = gnu11;
				GCC_NO_COMMON_BLOCKS = YES;
				GCC_WARN_64_TO_32_BIT_CONVERSION = YES;
				GCC_WARN_ABOUT_RETURN_TYPE = YES_ERROR;
				GCC_WARN_UNDECLARED_SELECTOR = YES;
				GCC_WARN_UNINITIALIZED_AUTOS = YES_AGGRESSIVE;
				GCC_WARN_UNUSED_FUNCTION = YES;
				GCC_WARN_UNUSED_VARIABLE = YES;
				IPHONEOS_DEPLOYMENT_TARGET = 14.3;
				MTL_ENABLE_DEBUG_INFO = NO;
				MTL_FAST_MATH = YES;
				SDKROOT = iphoneos;
				SWIFT_COMPILATION_MODE = wholemodule;
				SWIFT_OPTIMIZATION_LEVEL = "-O";
				VALIDATE_PRODUCT = YES;
			};
			name = Release;
		};
		B464DC8425BF4CC80020A4CE /* Debug */ = {
			isa = XCBuildConfiguration;
			baseConfigurationReference = 7026C9A188C18BBEB13C7E1E /* Pods-SwiftUIBase.debug.xcconfig */;
			buildSettings = {
				ASSETCATALOG_COMPILER_APPICON_NAME = AppIcon;
				ASSETCATALOG_COMPILER_GLOBAL_ACCENT_COLOR_NAME = AccentColor;
				CODE_SIGN_IDENTITY = "Apple Development";
				CODE_SIGN_STYLE = Automatic;
				DEVELOPMENT_TEAM = Y3TX8XZJAK;
				INFOPLIST_FILE = SwiftUIBase/Info.plist;
				IPHONEOS_DEPLOYMENT_TARGET = 13.0;
				LD_RUNPATH_SEARCH_PATHS = (
					"$(inherited)",
					"@executable_path/Frameworks",
				);
				PRODUCT_BUNDLE_IDENTIFIER = ru.geekbrains.SwiftUIBase;
				PRODUCT_NAME = "$(TARGET_NAME)";
				PROVISIONING_PROFILE_SPECIFIER = "";
				SWIFT_VERSION = 5.0;
				TARGETED_DEVICE_FAMILY = 1;
			};
			name = Debug;
		};
		B464DC8525BF4CC80020A4CE /* Release */ = {
			isa = XCBuildConfiguration;
			baseConfigurationReference = 86B6EEB628300BFFE69EDE94 /* Pods-SwiftUIBase.release.xcconfig */;
			buildSettings = {
				ASSETCATALOG_COMPILER_APPICON_NAME = AppIcon;
				ASSETCATALOG_COMPILER_GLOBAL_ACCENT_COLOR_NAME = AccentColor;
				CODE_SIGN_IDENTITY = "Apple Development";
				CODE_SIGN_STYLE = Automatic;
				DEVELOPMENT_TEAM = Y3TX8XZJAK;
				INFOPLIST_FILE = SwiftUIBase/Info.plist;
				IPHONEOS_DEPLOYMENT_TARGET = 13.0;
				LD_RUNPATH_SEARCH_PATHS = (
					"$(inherited)",
					"@executable_path/Frameworks",
				);
				PRODUCT_BUNDLE_IDENTIFIER = ru.geekbrains.SwiftUIBase;
				PRODUCT_NAME = "$(TARGET_NAME)";
				PROVISIONING_PROFILE_SPECIFIER = "";
				SWIFT_VERSION = 5.0;
				TARGETED_DEVICE_FAMILY = 1;
			};
			name = Release;
		};
/* End XCBuildConfiguration section */

/* Begin XCConfigurationList section */
		B464DC6A25BF4CC80020A4CE /* Build configuration list for PBXProject "SwiftUIBase" */ = {
			isa = XCConfigurationList;
			buildConfigurations = (
				B464DC8125BF4CC80020A4CE /* Debug */,
				B464DC8225BF4CC80020A4CE /* Release */,
			);
			defaultConfigurationIsVisible = 0;
			defaultConfigurationName = Release;
		};
		B464DC8325BF4CC80020A4CE /* Build configuration list for PBXNativeTarget "SwiftUIBase" */ = {
			isa = XCConfigurationList;
			buildConfigurations = (
				B464DC8425BF4CC80020A4CE /* Debug */,
				B464DC8525BF4CC80020A4CE /* Release */,
			);
			defaultConfigurationIsVisible = 0;
			defaultConfigurationName = Release;
		};
/* End XCConfigurationList section */
	};
	rootObject = B464DC6725BF4CC80020A4CE /* Project object */;
}
